Microsoft Visual Studio Solution File, Format Version 12.00
# Visual Studio Version 17
VisualStudioVersion = 17.5.2.0
MinimumVisualStudioVersion = 10.0.40219.1
Project("{FAE04EC0-301F-11D3-BF4B-00C04F79EFBC}") = "Stock_Server", "Stock_Server.csproj", "{A63FEC0F-4BFD-3B1A-3493-1D61CD4E1E7E}"
EndProject
Global
	GlobalSection(SolutionConfigurationPlatforms) = preSolution
		Debug|Any CPU = Debug|Any CPU
		Release|Any CPU = Release|Any CPU
	EndGlobalSection
	GlobalSection(ProjectConfigurationPlatforms) = postSolution
		{A63FEC0F-4BFD-3B1A-3493-1D61CD4E1E7E}.Debug|Any CPU.ActiveCfg = Debug|Any CPU
		{A63FEC0F-4BFD-3B1A-3493-1D61CD4E1E7E}.Debug|Any CPU.Build.0 = Debug|Any CPU
		{A63FEC0F-4BFD-3B1A-3493-1D61CD4E1E7E}.Release|Any CPU.ActiveCfg = Release|Any CPU
		{A63FEC0F-4BFD-3B1A-3493-1D61CD4E1E7E}.Release|Any CPU.Build.0 = Release|Any CPU
	EndGlobalSection
	GlobalSection(SolutionProperties) = preSolution
		HideSolutionNode = FALSE
	EndGlobalSection
	GlobalSection(ExtensibilityGlobals) = postSolution
		SolutionGuid = {9F82FC82-7EFF-4112-8CEB-4F597D87A8BB}
	EndGlobalSection
EndGlobal
